// !$*UTF8*$!
{
	archiveVersion = 1;
	classes = {
	};
	objectVersion = 51;
	objects = {

/* Begin PBXBuildFile section */
		4653FE53240F147800160684 /* CalendarColorSetting.swift in Sources */ = {isa = PBXBuildFile; fileRef = 4653FE52240F147800160684 /* CalendarColorSetting.swift */; };
		4655717A23FF79E2003E5728 /* Test.swift in Sources */ = {isa = PBXBuildFile; fileRef = 4655717923FF79E2003E5728 /* Test.swift */; };
		4665209823FF2CCA00432CBA /* SymptomView.swift in Sources */ = {isa = PBXBuildFile; fileRef = 4665209723FF2CCA00432CBA /* SymptomView.swift */; };
		4665209923FF2CCA00432CBA /* SymptomView.swift in Sources */ = {isa = PBXBuildFile; fileRef = 4665209723FF2CCA00432CBA /* SymptomView.swift */; };
		4665209C23FF2D2A00432CBA /* SymptomLogPerMonth.swift in Sources */ = {isa = PBXBuildFile; fileRef = 4665209B23FF2D2A00432CBA /* SymptomLogPerMonth.swift */; };
		4665209D23FF2D2A00432CBA /* SymptomLogPerMonth.swift in Sources */ = {isa = PBXBuildFile; fileRef = 4665209B23FF2D2A00432CBA /* SymptomLogPerMonth.swift */; };
		4665BE0523FEF1E80099FC3B /* AppDelegate.swift in Sources */ = {isa = PBXBuildFile; fileRef = 4665BE0423FEF1E80099FC3B /* AppDelegate.swift */; };
		4665BE0723FEF1E80099FC3B /* SceneDelegate.swift in Sources */ = {isa = PBXBuildFile; fileRef = 4665BE0623FEF1E80099FC3B /* SceneDelegate.swift */; };
		4665BE0923FEF1E80099FC3B /* ContentView.swift in Sources */ = {isa = PBXBuildFile; fileRef = 4665BE0823FEF1E80099FC3B /* ContentView.swift */; };
		4665BE0B23FEF1E90099FC3B /* Assets.xcassets in Resources */ = {isa = PBXBuildFile; fileRef = 4665BE0A23FEF1E90099FC3B /* Assets.xcassets */; };
		4665BE0E23FEF1E90099FC3B /* Preview Assets.xcassets in Resources */ = {isa = PBXBuildFile; fileRef = 4665BE0D23FEF1E90099FC3B /* Preview Assets.xcassets */; };
		4665BE1123FEF1E90099FC3B /* LaunchScreen.storyboard in Resources */ = {isa = PBXBuildFile; fileRef = 4665BE0F23FEF1E90099FC3B /* LaunchScreen.storyboard */; };
		4665BE1C23FEF1E90099FC3B /* final_project_shaliniTests.swift in Sources */ = {isa = PBXBuildFile; fileRef = 4665BE1B23FEF1E90099FC3B /* final_project_shaliniTests.swift */; };
		4665BE2723FEF1E90099FC3B /* final_project_shaliniUITests.swift in Sources */ = {isa = PBXBuildFile; fileRef = 4665BE2623FEF1E90099FC3B /* final_project_shaliniUITests.swift */; };
		467BF051240B92950085401D /* CalendarDate.swift in Sources */ = {isa = PBXBuildFile; fileRef = 467BF050240B92950085401D /* CalendarDate.swift */; };
		467BF053240B94F60085401D /* CalendarCell.swift in Sources */ = {isa = PBXBuildFile; fileRef = 467BF052240B94F60085401D /* CalendarCell.swift */; };
		467BF057240B96CB0085401D /* CalendarWeekdayHeader.swift in Sources */ = {isa = PBXBuildFile; fileRef = 467BF056240B96CB0085401D /* CalendarWeekdayHeader.swift */; };
		467BF059240B97B80085401D /* CalendarMonth.swift in Sources */ = {isa = PBXBuildFile; fileRef = 467BF058240B97B80085401D /* CalendarMonth.swift */; };
		467BF05D240B9BE70085401D /* CalendarVC.swift in Sources */ = {isa = PBXBuildFile; fileRef = 467BF05C240B9BE70085401D /* CalendarVC.swift */; };
		467BF05F240B9CC20085401D /* CalendarManager.swift in Sources */ = {isa = PBXBuildFile; fileRef = 467BF05E240B9CC20085401D /* CalendarManager.swift */; };
		4680ED592401A1C50042EA2E /* GoogleService-Info.plist in Resources */ = {isa = PBXBuildFile; fileRef = 4680ED582401A1C50042EA2E /* GoogleService-Info.plist */; };
		46FD60B4240A9A1400A8869A /* Symptom.swift in Sources */ = {isa = PBXBuildFile; fileRef = 46FD60B3240A9A1400A8869A /* Symptom.swift */; };
		4D8FCF8D16BA438A61D0EE33 /* Pods_final_project_shaliniTests.framework in Frameworks */ = {isa = PBXBuildFile; fileRef = EAF0A3119F27594240DC43FA /* Pods_final_project_shaliniTests.framework */; };
		77164168FB1BA97DF250ACAD /* Pods_final_project_shalini.framework in Frameworks */ = {isa = PBXBuildFile; fileRef = 4E2E9B0A26CAD5A9C08CB639 /* Pods_final_project_shalini.framework */; };
		7CE93F6C50FB4BC4B67C890E /* Pods_final_project_shalini_final_project_shaliniUITests.framework in Frameworks */ = {isa = PBXBuildFile; fileRef = FB1EE9775D677D57C069D5B2 /* Pods_final_project_shalini_final_project_shaliniUITests.framework */; };
/* End PBXBuildFile section */

/* Begin PBXContainerItemProxy section */
		4665BE1823FEF1E90099FC3B /* PBXContainerItemProxy */ = {
			isa = PBXContainerItemProxy;
			containerPortal = 4665BDF923FEF1E80099FC3B /* Project object */;
			proxyType = 1;
			remoteGlobalIDString = 4665BE0023FEF1E80099FC3B;
			remoteInfo = "final-project-shalini";
		};
		4665BE2323FEF1E90099FC3B /* PBXContainerItemProxy */ = {
			isa = PBXContainerItemProxy;
			containerPortal = 4665BDF923FEF1E80099FC3B /* Project object */;
			proxyType = 1;
			remoteGlobalIDString = 4665BE0023FEF1E80099FC3B;
			remoteInfo = "final-project-shalini";
		};
/* End PBXContainerItemProxy section */

/* Begin PBXFileReference section */
		01AF3590318346F13D8F901C /* Pods-final-project-shalini-final-project-shaliniUITests.debug.xcconfig */ = {isa = PBXFileReference; includeInIndex = 1; lastKnownFileType = text.xcconfig; name = "Pods-final-project-shalini-final-project-shaliniUITests.debug.xcconfig"; path = "Target Support Files/Pods-final-project-shalini-final-project-shaliniUITests/Pods-final-project-shalini-final-project-shaliniUITests.debug.xcconfig"; sourceTree = "<group>"; };
		20EEE3C9900F8B577546F645 /* Pods-final-project-shalini.debug.xcconfig */ = {isa = PBXFileReference; includeInIndex = 1; lastKnownFileType = text.xcconfig; name = "Pods-final-project-shalini.debug.xcconfig"; path = "Target Support Files/Pods-final-project-shalini/Pods-final-project-shalini.debug.xcconfig"; sourceTree = "<group>"; };
		4653FE52240F147800160684 /* CalendarColorSetting.swift */ = {isa = PBXFileReference; lastKnownFileType = sourcecode.swift; path = CalendarColorSetting.swift; sourceTree = "<group>"; };
		4655717923FF79E2003E5728 /* Test.swift */ = {isa = PBXFileReference; lastKnownFileType = sourcecode.swift; path = Test.swift; sourceTree = "<group>"; };
		4665209723FF2CCA00432CBA /* SymptomView.swift */ = {isa = PBXFileReference; lastKnownFileType = sourcecode.swift; path = SymptomView.swift; sourceTree = "<group>"; };
		4665209B23FF2D2A00432CBA /* SymptomLogPerMonth.swift */ = {isa = PBXFileReference; lastKnownFileType = sourcecode.swift; path = SymptomLogPerMonth.swift; sourceTree = "<group>"; };
		4665BE0123FEF1E80099FC3B /* final-project-shalini.app */ = {isa = PBXFileReference; explicitFileType = wrapper.application; includeInIndex = 0; path = "final-project-shalini.app"; sourceTree = BUILT_PRODUCTS_DIR; };
		4665BE0423FEF1E80099FC3B /* AppDelegate.swift */ = {isa = PBXFileReference; lastKnownFileType = sourcecode.swift; path = AppDelegate.swift; sourceTree = "<group>"; };
		4665BE0623FEF1E80099FC3B /* SceneDelegate.swift */ = {isa = PBXFileReference; lastKnownFileType = sourcecode.swift; path = SceneDelegate.swift; sourceTree = "<group>"; };
		4665BE0823FEF1E80099FC3B /* ContentView.swift */ = {isa = PBXFileReference; lastKnownFileType = sourcecode.swift; path = ContentView.swift; sourceTree = "<group>"; };
		4665BE0A23FEF1E90099FC3B /* Assets.xcassets */ = {isa = PBXFileReference; lastKnownFileType = folder.assetcatalog; path = Assets.xcassets; sourceTree = "<group>"; };
		4665BE0D23FEF1E90099FC3B /* Preview Assets.xcassets */ = {isa = PBXFileReference; lastKnownFileType = folder.assetcatalog; path = "Preview Assets.xcassets"; sourceTree = "<group>"; };
		4665BE1023FEF1E90099FC3B /* Base */ = {isa = PBXFileReference; lastKnownFileType = file.storyboard; name = Base; path = Base.lproj/LaunchScreen.storyboard; sourceTree = "<group>"; };
		4665BE1223FEF1E90099FC3B /* Info.plist */ = {isa = PBXFileReference; lastKnownFileType = text.plist.xml; path = Info.plist; sourceTree = "<group>"; };
		4665BE1723FEF1E90099FC3B /* final-project-shaliniTests.xctest */ = {isa = PBXFileReference; explicitFileType = wrapper.cfbundle; includeInIndex = 0; path = "final-project-shaliniTests.xctest"; sourceTree = BUILT_PRODUCTS_DIR; };
		4665BE1B23FEF1E90099FC3B /* final_project_shaliniTests.swift */ = {isa = PBXFileReference; lastKnownFileType = sourcecode.swift; path = final_project_shaliniTests.swift; sourceTree = "<group>"; };
		4665BE1D23FEF1E90099FC3B /* Info.plist */ = {isa = PBXFileReference; lastKnownFileType = text.plist.xml; path = Info.plist; sourceTree = "<group>"; };
		4665BE2223FEF1E90099FC3B /* final-project-shaliniUITests.xctest */ = {isa = PBXFileReference; explicitFileType = wrapper.cfbundle; includeInIndex = 0; path = "final-project-shaliniUITests.xctest"; sourceTree = BUILT_PRODUCTS_DIR; };
		4665BE2623FEF1E90099FC3B /* final_project_shaliniUITests.swift */ = {isa = PBXFileReference; lastKnownFileType = sourcecode.swift; path = final_project_shaliniUITests.swift; sourceTree = "<group>"; };
		4665BE2823FEF1E90099FC3B /* Info.plist */ = {isa = PBXFileReference; lastKnownFileType = text.plist.xml; path = Info.plist; sourceTree = "<group>"; };
		467BF050240B92950085401D /* CalendarDate.swift */ = {isa = PBXFileReference; lastKnownFileType = sourcecode.swift; path = CalendarDate.swift; sourceTree = "<group>"; };
		467BF052240B94F60085401D /* CalendarCell.swift */ = {isa = PBXFileReference; lastKnownFileType = sourcecode.swift; path = CalendarCell.swift; sourceTree = "<group>"; };
		467BF056240B96CB0085401D /* CalendarWeekdayHeader.swift */ = {isa = PBXFileReference; lastKnownFileType = sourcecode.swift; path = CalendarWeekdayHeader.swift; sourceTree = "<group>"; };
		467BF058240B97B80085401D /* CalendarMonth.swift */ = {isa = PBXFileReference; lastKnownFileType = sourcecode.swift; path = CalendarMonth.swift; sourceTree = "<group>"; };
		467BF05C240B9BE70085401D /* CalendarVC.swift */ = {isa = PBXFileReference; lastKnownFileType = sourcecode.swift; path = CalendarVC.swift; sourceTree = "<group>"; };
		467BF05E240B9CC20085401D /* CalendarManager.swift */ = {isa = PBXFileReference; lastKnownFileType = sourcecode.swift; path = CalendarManager.swift; sourceTree = "<group>"; };
		4680ED582401A1C50042EA2E /* GoogleService-Info.plist */ = {isa = PBXFileReference; fileEncoding = 4; lastKnownFileType = text.plist.xml; path = "GoogleService-Info.plist"; sourceTree = "<group>"; };
		46FD60B3240A9A1400A8869A /* Symptom.swift */ = {isa = PBXFileReference; lastKnownFileType = sourcecode.swift; path = Symptom.swift; sourceTree = "<group>"; };
		4E2E9B0A26CAD5A9C08CB639 /* Pods_final_project_shalini.framework */ = {isa = PBXFileReference; explicitFileType = wrapper.framework; includeInIndex = 0; path = Pods_final_project_shalini.framework; sourceTree = BUILT_PRODUCTS_DIR; };
		7B48C35D1D6A8F368035D32F /* Pods-final-project-shaliniTests.release.xcconfig */ = {isa = PBXFileReference; includeInIndex = 1; lastKnownFileType = text.xcconfig; name = "Pods-final-project-shaliniTests.release.xcconfig"; path = "Target Support Files/Pods-final-project-shaliniTests/Pods-final-project-shaliniTests.release.xcconfig"; sourceTree = "<group>"; };
		8A525BA89C54672E5DCEF5F9 /* Pods-final-project-shaliniTests.debug.xcconfig */ = {isa = PBXFileReference; includeInIndex = 1; lastKnownFileType = text.xcconfig; name = "Pods-final-project-shaliniTests.debug.xcconfig"; path = "Target Support Files/Pods-final-project-shaliniTests/Pods-final-project-shaliniTests.debug.xcconfig"; sourceTree = "<group>"; };
		D51DA9335F2F79D49F6E4721 /* Pods-final-project-shalini-final-project-shaliniUITests.release.xcconfig */ = {isa = PBXFileReference; includeInIndex = 1; lastKnownFileType = text.xcconfig; name = "Pods-final-project-shalini-final-project-shaliniUITests.release.xcconfig"; path = "Target Support Files/Pods-final-project-shalini-final-project-shaliniUITests/Pods-final-project-shalini-final-project-shaliniUITests.release.xcconfig"; sourceTree = "<group>"; };
		EAF0A3119F27594240DC43FA /* Pods_final_project_shaliniTests.framework */ = {isa = PBXFileReference; explicitFileType = wrapper.framework; includeInIndex = 0; path = Pods_final_project_shaliniTests.framework; sourceTree = BUILT_PRODUCTS_DIR; };
		F1A33650A2DC32DC22CE1611 /* Pods-final-project-shalini.release.xcconfig */ = {isa = PBXFileReference; includeInIndex = 1; lastKnownFileType = text.xcconfig; name = "Pods-final-project-shalini.release.xcconfig"; path = "Target Support Files/Pods-final-project-shalini/Pods-final-project-shalini.release.xcconfig"; sourceTree = "<group>"; };
		FB1EE9775D677D57C069D5B2 /* Pods_final_project_shalini_final_project_shaliniUITests.framework */ = {isa = PBXFileReference; explicitFileType = wrapper.framework; includeInIndex = 0; path = Pods_final_project_shalini_final_project_shaliniUITests.framework; sourceTree = BUILT_PRODUCTS_DIR; };
/* End PBXFileReference section */

/* Begin PBXFrameworksBuildPhase section */
		4665BDFE23FEF1E80099FC3B /* Frameworks */ = {
			isa = PBXFrameworksBuildPhase;
			buildActionMask = 2147483647;
			files = (
				77164168FB1BA97DF250ACAD /* Pods_final_project_shalini.framework in Frameworks */,
			);
			runOnlyForDeploymentPostprocessing = 0;
		};
		4665BE1423FEF1E90099FC3B /* Frameworks */ = {
			isa = PBXFrameworksBuildPhase;
			buildActionMask = 2147483647;
			files = (
				4D8FCF8D16BA438A61D0EE33 /* Pods_final_project_shaliniTests.framework in Frameworks */,
			);
			runOnlyForDeploymentPostprocessing = 0;
		};
		4665BE1F23FEF1E90099FC3B /* Frameworks */ = {
			isa = PBXFrameworksBuildPhase;
			buildActionMask = 2147483647;
			files = (
				7CE93F6C50FB4BC4B67C890E /* Pods_final_project_shalini_final_project_shaliniUITests.framework in Frameworks */,
			);
			runOnlyForDeploymentPostprocessing = 0;
		};
/* End PBXFrameworksBuildPhase section */

/* Begin PBXGroup section */
		4665209623FF2BEE00432CBA /* Model */ = {
			isa = PBXGroup;
			children = (
				46EA735B240F325800BF6207 /* Calendar Model */,
				46AFBEAD2407D06A0028B772 /* Controller */,
				4665209723FF2CCA00432CBA /* SymptomView.swift */,
				4665209B23FF2D2A00432CBA /* SymptomLogPerMonth.swift */,
				46FD60B3240A9A1400A8869A /* Symptom.swift */,
			);
			path = Model;
			sourceTree = "<group>";
		};
		4665BDF823FEF1E80099FC3B = {
			isa = PBXGroup;
			children = (
				4665BE0323FEF1E80099FC3B /* final-project-shalini */,
				4665BE1A23FEF1E90099FC3B /* final-project-shaliniTests */,
				4665BE2523FEF1E90099FC3B /* final-project-shaliniUITests */,
				4665BE0223FEF1E80099FC3B /* Products */,
				C771D8BB9A70455C0F326F7F /* Frameworks */,
				7348B84FECDF25E57D0C39B6 /* Pods */,
			);
			sourceTree = "<group>";
		};
		4665BE0223FEF1E80099FC3B /* Products */ = {
			isa = PBXGroup;
			children = (
				4665BE0123FEF1E80099FC3B /* final-project-shalini.app */,
				4665BE1723FEF1E90099FC3B /* final-project-shaliniTests.xctest */,
				4665BE2223FEF1E90099FC3B /* final-project-shaliniUITests.xctest */,
			);
			name = Products;
			sourceTree = "<group>";
		};
		4665BE0323FEF1E80099FC3B /* final-project-shalini */ = {
			isa = PBXGroup;
			children = (
				4665209623FF2BEE00432CBA /* Model */,
				4665BE0423FEF1E80099FC3B /* AppDelegate.swift */,
				4665BE0623FEF1E80099FC3B /* SceneDelegate.swift */,
				4665BE0A23FEF1E90099FC3B /* Assets.xcassets */,
				4665BE0F23FEF1E90099FC3B /* LaunchScreen.storyboard */,
				4665BE1223FEF1E90099FC3B /* Info.plist */,
				4680ED582401A1C50042EA2E /* GoogleService-Info.plist */,
				4665BE0C23FEF1E90099FC3B /* Preview Content */,
			);
			path = "final-project-shalini";
			sourceTree = "<group>";
		};
		4665BE0C23FEF1E90099FC3B /* Preview Content */ = {
			isa = PBXGroup;
			children = (
				4665BE0D23FEF1E90099FC3B /* Preview Assets.xcassets */,
			);
			path = "Preview Content";
			sourceTree = "<group>";
		};
		4665BE1A23FEF1E90099FC3B /* final-project-shaliniTests */ = {
			isa = PBXGroup;
			children = (
				4665BE1B23FEF1E90099FC3B /* final_project_shaliniTests.swift */,
				4665BE1D23FEF1E90099FC3B /* Info.plist */,
				4655717923FF79E2003E5728 /* Test.swift */,
			);
			path = "final-project-shaliniTests";
			sourceTree = "<group>";
		};
		4665BE2523FEF1E90099FC3B /* final-project-shaliniUITests */ = {
			isa = PBXGroup;
			children = (
				4665BE2623FEF1E90099FC3B /* final_project_shaliniUITests.swift */,
				4665BE2823FEF1E90099FC3B /* Info.plist */,
			);
			path = "final-project-shaliniUITests";
			sourceTree = "<group>";
		};
		46AFBEAD2407D06A0028B772 /* Controller */ = {
			isa = PBXGroup;
			children = (
				4653FE52240F147800160684 /* CalendarColorSetting.swift */,
				467BF050240B92950085401D /* CalendarDate.swift */,
				467BF05E240B9CC20085401D /* CalendarManager.swift */,
			);
			path = Controller;
			sourceTree = "<group>";
		};
		46EA735B240F325800BF6207 /* Calendar Model */ = {
			isa = PBXGroup;
			children = (
				4665BE0823FEF1E80099FC3B /* ContentView.swift */,
				467BF052240B94F60085401D /* CalendarCell.swift */,
				467BF058240B97B80085401D /* CalendarMonth.swift */,
				467BF05C240B9BE70085401D /* CalendarVC.swift */,
				467BF056240B96CB0085401D /* CalendarWeekdayHeader.swift */,
			);
			path = "Calendar Model";
			sourceTree = "<group>";
		};
		7348B84FECDF25E57D0C39B6 /* Pods */ = {
			isa = PBXGroup;
			children = (
				20EEE3C9900F8B577546F645 /* Pods-final-project-shalini.debug.xcconfig */,
				F1A33650A2DC32DC22CE1611 /* Pods-final-project-shalini.release.xcconfig */,
				01AF3590318346F13D8F901C /* Pods-final-project-shalini-final-project-shaliniUITests.debug.xcconfig */,
				D51DA9335F2F79D49F6E4721 /* Pods-final-project-shalini-final-project-shaliniUITests.release.xcconfig */,
				8A525BA89C54672E5DCEF5F9 /* Pods-final-project-shaliniTests.debug.xcconfig */,
				7B48C35D1D6A8F368035D32F /* Pods-final-project-shaliniTests.release.xcconfig */,
			);
			path = Pods;
			sourceTree = "<group>";
		};
		C771D8BB9A70455C0F326F7F /* Frameworks */ = {
			isa = PBXGroup;
			children = (
				4E2E9B0A26CAD5A9C08CB639 /* Pods_final_project_shalini.framework */,
				FB1EE9775D677D57C069D5B2 /* Pods_final_project_shalini_final_project_shaliniUITests.framework */,
				EAF0A3119F27594240DC43FA /* Pods_final_project_shaliniTests.framework */,
			);
			name = Frameworks;
			sourceTree = "<group>";
		};
/* End PBXGroup section */

/* Begin PBXNativeTarget section */
		4665BE0023FEF1E80099FC3B /* final-project-shalini */ = {
			isa = PBXNativeTarget;
			buildConfigurationList = 4665BE2B23FEF1E90099FC3B /* Build configuration list for PBXNativeTarget "final-project-shalini" */;
			buildPhases = (
				D6B98B00467B6E1C2AA29BB0 /* [CP] Check Pods Manifest.lock */,
				4665BDFD23FEF1E80099FC3B /* Sources */,
				4665BDFE23FEF1E80099FC3B /* Frameworks */,
				4665BDFF23FEF1E80099FC3B /* Resources */,
				833B1363A2A1D92E7E66631D /* [CP] Embed Pods Frameworks */,
			);
			buildRules = (
			);
			dependencies = (
			);
			name = "final-project-shalini";
			productName = "final-project-shalini";
			productReference = 4665BE0123FEF1E80099FC3B /* final-project-shalini.app */;
			productType = "com.apple.product-type.application";
		};
		4665BE1623FEF1E90099FC3B /* final-project-shaliniTests */ = {
			isa = PBXNativeTarget;
			buildConfigurationList = 4665BE2E23FEF1E90099FC3B /* Build configuration list for PBXNativeTarget "final-project-shaliniTests" */;
			buildPhases = (
				5872C7E65F123B1BE0E4C8C7 /* [CP] Check Pods Manifest.lock */,
				4665BE1323FEF1E90099FC3B /* Sources */,
				4665BE1423FEF1E90099FC3B /* Frameworks */,
				4665BE1523FEF1E90099FC3B /* Resources */,
			);
			buildRules = (
			);
			dependencies = (
				4665BE1923FEF1E90099FC3B /* PBXTargetDependency */,
			);
			name = "final-project-shaliniTests";
			productName = "final-project-shaliniTests";
			productReference = 4665BE1723FEF1E90099FC3B /* final-project-shaliniTests.xctest */;
			productType = "com.apple.product-type.bundle.unit-test";
		};
		4665BE2123FEF1E90099FC3B /* final-project-shaliniUITests */ = {
			isa = PBXNativeTarget;
			buildConfigurationList = 4665BE3123FEF1E90099FC3B /* Build configuration list for PBXNativeTarget "final-project-shaliniUITests" */;
			buildPhases = (
				5F12E45DBC38B994D79F1BF5 /* [CP] Check Pods Manifest.lock */,
				4665BE1E23FEF1E90099FC3B /* Sources */,
				4665BE1F23FEF1E90099FC3B /* Frameworks */,
				4665BE2023FEF1E90099FC3B /* Resources */,
				318326407A0996C355A48654 /* [CP] Embed Pods Frameworks */,
			);
			buildRules = (
			);
			dependencies = (
				4665BE2423FEF1E90099FC3B /* PBXTargetDependency */,
			);
			name = "final-project-shaliniUITests";
			productName = "final-project-shaliniUITests";
			productReference = 4665BE2223FEF1E90099FC3B /* final-project-shaliniUITests.xctest */;
			productType = "com.apple.product-type.bundle.ui-testing";
		};
/* End PBXNativeTarget section */

/* Begin PBXProject section */
		4665BDF923FEF1E80099FC3B /* Project object */ = {
			isa = PBXProject;
			attributes = {
				LastSwiftUpdateCheck = 1130;
				LastUpgradeCheck = 1130;
				ORGANIZATIONNAME = "Shalini Garikapaty";
				TargetAttributes = {
					4665BE0023FEF1E80099FC3B = {
						CreatedOnToolsVersion = 11.3.1;
					};
					4665BE1623FEF1E90099FC3B = {
						CreatedOnToolsVersion = 11.3.1;
						TestTargetID = 4665BE0023FEF1E80099FC3B;
					};
					4665BE2123FEF1E90099FC3B = {
						CreatedOnToolsVersion = 11.3.1;
						TestTargetID = 4665BE0023FEF1E80099FC3B;
					};
				};
			};
			buildConfigurationList = 4665BDFC23FEF1E80099FC3B /* Build configuration list for PBXProject "final-project-shalini" */;
			compatibilityVersion = "Xcode 9.3";
			developmentRegion = en;
			hasScannedForEncodings = 0;
			knownRegions = (
				en,
				Base,
			);
			mainGroup = 4665BDF823FEF1E80099FC3B;
			productRefGroup = 4665BE0223FEF1E80099FC3B /* Products */;
			projectDirPath = "";
			projectRoot = "";
			targets = (
				4665BE0023FEF1E80099FC3B /* final-project-shalini */,
				4665BE1623FEF1E90099FC3B /* final-project-shaliniTests */,
				4665BE2123FEF1E90099FC3B /* final-project-shaliniUITests */,
			);
		};
/* End PBXProject section */

/* Begin PBXResourcesBuildPhase section */
		4665BDFF23FEF1E80099FC3B /* Resources */ = {
			isa = PBXResourcesBuildPhase;
			buildActionMask = 2147483647;
			files = (
				4665BE1123FEF1E90099FC3B /* LaunchScreen.storyboard in Resources */,
				4680ED592401A1C50042EA2E /* GoogleService-Info.plist in Resources */,
				4665BE0E23FEF1E90099FC3B /* Preview Assets.xcassets in Resources */,
				4665BE0B23FEF1E90099FC3B /* Assets.xcassets in Resources */,
			);
			runOnlyForDeploymentPostprocessing = 0;
		};
		4665BE1523FEF1E90099FC3B /* Resources */ = {
			isa = PBXResourcesBuildPhase;
			buildActionMask = 2147483647;
			files = (
			);
			runOnlyForDeploymentPostprocessing = 0;
		};
		4665BE2023FEF1E90099FC3B /* Resources */ = {
			isa = PBXResourcesBuildPhase;
			buildActionMask = 2147483647;
			files = (
			);
			runOnlyForDeploymentPostprocessing = 0;
		};
/* End PBXResourcesBuildPhase section */

/* Begin PBXShellScriptBuildPhase section */
		318326407A0996C355A48654 /* [CP] Embed Pods Frameworks */ = {
			isa = PBXShellScriptBuildPhase;
			buildActionMask = 2147483647;
			files = (
			);
			inputFileListPaths = (
				"${PODS_ROOT}/Target Support Files/Pods-final-project-shalini-final-project-shaliniUITests/Pods-final-project-shalini-final-project-shaliniUITests-frameworks-${CONFIGURATION}-input-files.xcfilelist",
			);
			name = "[CP] Embed Pods Frameworks";
			outputFileListPaths = (
				"${PODS_ROOT}/Target Support Files/Pods-final-project-shalini-final-project-shaliniUITests/Pods-final-project-shalini-final-project-shaliniUITests-frameworks-${CONFIGURATION}-output-files.xcfilelist",
			);
			runOnlyForDeploymentPostprocessing = 0;
			shellPath = /bin/sh;
			shellScript = "\"${PODS_ROOT}/Target Support Files/Pods-final-project-shalini-final-project-shaliniUITests/Pods-final-project-shalini-final-project-shaliniUITests-frameworks.sh\"\n";
			showEnvVarsInLog = 0;
		};
		5872C7E65F123B1BE0E4C8C7 /* [CP] Check Pods Manifest.lock */ = {
			isa = PBXShellScriptBuildPhase;
			buildActionMask = 2147483647;
			files = (
			);
			inputFileListPaths = (
			);
			inputPaths = (
				"${PODS_PODFILE_DIR_PATH}/Podfile.lock",
				"${PODS_ROOT}/Manifest.lock",
			);
			name = "[CP] Check Pods Manifest.lock";
			outputFileListPaths = (
			);
			outputPaths = (
				"$(DERIVED_FILE_DIR)/Pods-final-project-shaliniTests-checkManifestLockResult.txt",
			);
			runOnlyForDeploymentPostprocessing = 0;
			shellPath = /bin/sh;
			shellScript = "diff \"${PODS_PODFILE_DIR_PATH}/Podfile.lock\" \"${PODS_ROOT}/Manifest.lock\" > /dev/null\nif [ $? != 0 ] ; then\n    # print error to STDERR\n    echo \"error: The sandbox is not in sync with the Podfile.lock. Run 'pod install' or update your CocoaPods installation.\" >&2\n    exit 1\nfi\n# This output is used by Xcode 'outputs' to avoid re-running this script phase.\necho \"SUCCESS\" > \"${SCRIPT_OUTPUT_FILE_0}\"\n";
			showEnvVarsInLog = 0;
		};
		5F12E45DBC38B994D79F1BF5 /* [CP] Check Pods Manifest.lock */ = {
			isa = PBXShellScriptBuildPhase;
			buildActionMask = 2147483647;
			files = (
			);
			inputFileListPaths = (
			);
			inputPaths = (
				"${PODS_PODFILE_DIR_PATH}/Podfile.lock",
				"${PODS_ROOT}/Manifest.lock",
			);
			name = "[CP] Check Pods Manifest.lock";
			outputFileListPaths = (
			);
			outputPaths = (
				"$(DERIVED_FILE_DIR)/Pods-final-project-shalini-final-project-shaliniUITests-checkManifestLockResult.txt",
			);
			runOnlyForDeploymentPostprocessing = 0;
			shellPath = /bin/sh;
			shellScript = "diff \"${PODS_PODFILE_DIR_PATH}/Podfile.lock\" \"${PODS_ROOT}/Manifest.lock\" > /dev/null\nif [ $? != 0 ] ; then\n    # print error to STDERR\n    echo \"error: The sandbox is not in sync with the Podfile.lock. Run 'pod install' or update your CocoaPods installation.\" >&2\n    exit 1\nfi\n# This output is used by Xcode 'outputs' to avoid re-running this script phase.\necho \"SUCCESS\" > \"${SCRIPT_OUTPUT_FILE_0}\"\n";
			showEnvVarsInLog = 0;
		};
		833B1363A2A1D92E7E66631D /* [CP] Embed Pods Frameworks */ = {
			isa = PBXShellScriptBuildPhase;
			buildActionMask = 2147483647;
			files = (
			);
			inputFileListPaths = (
				"${PODS_ROOT}/Target Support Files/Pods-final-project-shalini/Pods-final-project-shalini-frameworks-${CONFIGURATION}-input-files.xcfilelist",
			);
			name = "[CP] Embed Pods Frameworks";
			outputFileListPaths = (
				"${PODS_ROOT}/Target Support Files/Pods-final-project-shalini/Pods-final-project-shalini-frameworks-${CONFIGURATION}-output-files.xcfilelist",
			);
			runOnlyForDeploymentPostprocessing = 0;
			shellPath = /bin/sh;
			shellScript = "\"${PODS_ROOT}/Target Support Files/Pods-final-project-shalini/Pods-final-project-shalini-frameworks.sh\"\n";
			showEnvVarsInLog = 0;
		};
		D6B98B00467B6E1C2AA29BB0 /* [CP] Check Pods Manifest.lock */ = {
			isa = PBXShellScriptBuildPhase;
			buildActionMask = 2147483647;
			files = (
			);
			inputFileListPaths = (
			);
			inputPaths = (
				"${PODS_PODFILE_DIR_PATH}/Podfile.lock",
				"${PODS_ROOT}/Manifest.lock",
			);
			name = "[CP] Check Pods Manifest.lock";
			outputFileListPaths = (
			);
			outputPaths = (
				"$(DERIVED_FILE_DIR)/Pods-final-project-shalini-checkManifestLockResult.txt",
			);
			runOnlyForDeploymentPostprocessing = 0;
			shellPath = /bin/sh;
			shellScript = "diff \"${PODS_PODFILE_DIR_PATH}/Podfile.lock\" \"${PODS_ROOT}/Manifest.lock\" > /dev/null\nif [ $? != 0 ] ; then\n    # print error to STDERR\n    echo \"error: The sandbox is not in sync with the Podfile.lock. Run 'pod install' or update your CocoaPods installation.\" >&2\n    exit 1\nfi\n# This output is used by Xcode 'outputs' to avoid re-running this script phase.\necho \"SUCCESS\" > \"${SCRIPT_OUTPUT_FILE_0}\"\n";
			showEnvVarsInLog = 0;
		};
/* End PBXShellScriptBuildPhase section */

/* Begin PBXSourcesBuildPhase section */
		4665BDFD23FEF1E80099FC3B /* Sources */ = {
			isa = PBXSourcesBuildPhase;
			buildActionMask = 2147483647;
			files = (
				467BF059240B97B80085401D /* CalendarMonth.swift in Sources */,
				467BF051240B92950085401D /* CalendarDate.swift in Sources */,
				467BF05D240B9BE70085401D /* CalendarVC.swift in Sources */,
				4653FE53240F147800160684 /* CalendarColorSetting.swift in Sources */,
				4665209823FF2CCA00432CBA /* SymptomView.swift in Sources */,
				46FD60B4240A9A1400A8869A /* Symptom.swift in Sources */,
				4665BE0523FEF1E80099FC3B /* AppDelegate.swift in Sources */,
				467BF057240B96CB0085401D /* CalendarWeekdayHeader.swift in Sources */,
				4665BE0723FEF1E80099FC3B /* SceneDelegate.swift in Sources */,
				4665209C23FF2D2A00432CBA /* SymptomLogPerMonth.swift in Sources */,
				467BF05F240B9CC20085401D /* CalendarManager.swift in Sources */,
				4665BE0923FEF1E80099FC3B /* ContentView.swift in Sources */,
				467BF053240B94F60085401D /* CalendarCell.swift in Sources */,
			);
			runOnlyForDeploymentPostprocessing = 0;
		};
		4665BE1323FEF1E90099FC3B /* Sources */ = {
			isa = PBXSourcesBuildPhase;
			buildActionMask = 2147483647;
			files = (
				4665209923FF2CCA00432CBA /* SymptomView.swift in Sources */,
				4655717A23FF79E2003E5728 /* Test.swift in Sources */,
				4665209D23FF2D2A00432CBA /* SymptomLogPerMonth.swift in Sources */,
				4665BE1C23FEF1E90099FC3B /* final_project_shaliniTests.swift in Sources */,
			);
			runOnlyForDeploymentPostprocessing = 0;
		};
		4665BE1E23FEF1E90099FC3B /* Sources */ = {
			isa = PBXSourcesBuildPhase;
			buildActionMask = 2147483647;
			files = (
				4665BE2723FEF1E90099FC3B /* final_project_shaliniUITests.swift in Sources */,
			);
			runOnlyForDeploymentPostprocessing = 0;
		};
/* End PBXSourcesBuildPhase section */

/* Begin PBXTargetDependency section */
		4665BE1923FEF1E90099FC3B /* PBXTargetDependency */ = {
			isa = PBXTargetDependency;
			target = 4665BE0023FEF1E80099FC3B /* final-project-shalini */;
			targetProxy = 4665BE1823FEF1E90099FC3B /* PBXContainerItemProxy */;
		};
		4665BE2423FEF1E90099FC3B /* PBXTargetDependency */ = {
			isa = PBXTargetDependency;
			target = 4665BE0023FEF1E80099FC3B /* final-project-shalini */;
			targetProxy = 4665BE2323FEF1E90099FC3B /* PBXContainerItemProxy */;
		};
/* End PBXTargetDependency section */

/* Begin PBXVariantGroup section */
		4665BE0F23FEF1E90099FC3B /* LaunchScreen.storyboard */ = {
			isa = PBXVariantGroup;
			children = (
				4665BE1023FEF1E90099FC3B /* Base */,
			);
			name = LaunchScreen.storyboard;
			sourceTree = "<group>";
		};
/* End PBXVariantGroup section */

/* Begin XCBuildConfiguration section */
		4665BE2923FEF1E90099FC3B /* Debug */ = {
			isa = XCBuildConfiguration;
			buildSettings = {
				ALWAYS_SEARCH_USER_PATHS = NO;
				CLANG_ANALYZER_NONNULL = YES;
				CLANG_ANALYZER_NUMBER_OBJECT_CONVERSION = YES_AGGRESSIVE;
				CLANG_CXX_LANGUAGE_STANDARD = "gnu++14";
				CLANG_CXX_LIBRARY = "libc++";
				CLANG_ENABLE_MODULES = YES;
				CLANG_ENABLE_OBJC_ARC = YES;
				CLANG_ENABLE_OBJC_WEAK = YES;
				CLANG_WARN_BLOCK_CAPTURE_AUTORELEASING = YES;
				CLANG_WARN_BOOL_CONVERSION = YES;
				CLANG_WARN_COMMA = YES;
				CLANG_WARN_CONSTANT_CONVERSION = YES;
				CLANG_WARN_DEPRECATED_OBJC_IMPLEMENTATIONS = YES;
				CLANG_WARN_DIRECT_OBJC_ISA_USAGE = YES_ERROR;
				CLANG_WARN_DOCUMENTATION_COMMENTS = YES;
				CLANG_WARN_EMPTY_BODY = YES;
				CLANG_WARN_ENUM_CONVERSION = YES;
				CLANG_WARN_INFINITE_RECURSION = YES;
				CLANG_WARN_INT_CONVERSION = YES;
				CLANG_WARN_NON_LITERAL_NULL_CONVERSION = YES;
				CLANG_WARN_OBJC_IMPLICIT_RETAIN_SELF = YES;
				CLANG_WARN_OBJC_LITERAL_CONVERSION = YES;
				CLANG_WARN_OBJC_ROOT_CLASS = YES_ERROR;
				CLANG_WARN_RANGE_LOOP_ANALYSIS = YES;
				CLANG_WARN_STRICT_PROTOTYPES = YES;
				CLANG_WARN_SUSPICIOUS_MOVE = YES;
				CLANG_WARN_UNGUARDED_AVAILABILITY = YES_AGGRESSIVE;
				CLANG_WARN_UNREACHABLE_CODE = YES;
				CLANG_WARN__DUPLICATE_METHOD_MATCH = YES;
				COPY_PHASE_STRIP = NO;
				DEBUG_INFORMATION_FORMAT = dwarf;
				ENABLE_STRICT_OBJC_MSGSEND = YES;
				ENABLE_TESTABILITY = YES;
				GCC_C_LANGUAGE_STANDARD = gnu11;
				GCC_DYNAMIC_NO_PIC = NO;
				GCC_NO_COMMON_BLOCKS = YES;
				GCC_OPTIMIZATION_LEVEL = 0;
				GCC_PREPROCESSOR_DEFINITIONS = (
					"DEBUG=1",
					"$(inherited)",
				);
				GCC_WARN_64_TO_32_BIT_CONVERSION = YES;
				GCC_WARN_ABOUT_RETURN_TYPE = YES_ERROR;
				GCC_WARN_UNDECLARED_SELECTOR = YES;
				GCC_WARN_UNINITIALIZED_AUTOS = YES_AGGRESSIVE;
				GCC_WARN_UNUSED_FUNCTION = YES;
				GCC_WARN_UNUSED_VARIABLE = YES;
				IPHONEOS_DEPLOYMENT_TARGET = 13.2;
				MTL_ENABLE_DEBUG_INFO = INCLUDE_SOURCE;
				MTL_FAST_MATH = YES;
				ONLY_ACTIVE_ARCH = YES;
				SDKROOT = iphoneos;
				SWIFT_ACTIVE_COMPILATION_CONDITIONS = DEBUG;
				SWIFT_OPTIMIZATION_LEVEL = "-Onone";
			};
			name = Debug;
		};
		4665BE2A23FEF1E90099FC3B /* Release */ = {
			isa = XCBuildConfiguration;
			buildSettings = {
				ALWAYS_SEARCH_USER_PATHS = NO;
				CLANG_ANALYZER_NONNULL = YES;
				CLANG_ANALYZER_NUMBER_OBJECT_CONVERSION = YES_AGGRESSIVE;
				CLANG_CXX_LANGUAGE_STANDARD = "gnu++14";
				CLANG_CXX_LIBRARY = "libc++";
				CLANG_ENABLE_MODULES = YES;
				CLANG_ENABLE_OBJC_ARC = YES;
				CLANG_ENABLE_OBJC_WEAK = YES;
				CLANG_WARN_BLOCK_CAPTURE_AUTORELEASING = YES;
				CLANG_WARN_BOOL_CONVERSION = YES;
				CLANG_WARN_COMMA = YES;
				CLANG_WARN_CONSTANT_CONVERSION = YES;
				CLANG_WARN_DEPRECATED_OBJC_IMPLEMENTATIONS = YES;
				CLANG_WARN_DIRECT_OBJC_ISA_USAGE = YES_ERROR;
				CLANG_WARN_DOCUMENTATION_COMMENTS = YES;
				CLANG_WARN_EMPTY_BODY = YES;
				CLANG_WARN_ENUM_CONVERSION = YES;
				CLANG_WARN_INFINITE_RECURSION = YES;
				CLANG_WARN_INT_CONVERSION = YES;
				CLANG_WARN_NON_LITERAL_NULL_CONVERSION = YES;
				CLANG_WARN_OBJC_IMPLICIT_RETAIN_SELF = YES;
				CLANG_WARN_OBJC_LITERAL_CONVERSION = YES;
				CLANG_WARN_OBJC_ROOT_CLASS = YES_ERROR;
				CLANG_WARN_RANGE_LOOP_ANALYSIS = YES;
				CLANG_WARN_STRICT_PROTOTYPES = YES;
				CLANG_WARN_SUSPICIOUS_MOVE = YES;
				CLANG_WARN_UNGUARDED_AVAILABILITY = YES_AGGRESSIVE;
				CLANG_WARN_UNREACHABLE_CODE = YES;
				CLANG_WARN__DUPLICATE_METHOD_MATCH = YES;
				COPY_PHASE_STRIP = NO;
				DEBUG_INFORMATION_FORMAT = "dwarf-with-dsym";
				ENABLE_NS_ASSERTIONS = NO;
				ENABLE_STRICT_OBJC_MSGSEND = YES;
				GCC_C_LANGUAGE_STANDARD = gnu11;
				GCC_NO_COMMON_BLOCKS = YES;
				GCC_WARN_64_TO_32_BIT_CONVERSION = YES;
				GCC_WARN_ABOUT_RETURN_TYPE = YES_ERROR;
				GCC_WARN_UNDECLARED_SELECTOR = YES;
				GCC_WARN_UNINITIALIZED_AUTOS = YES_AGGRESSIVE;
				GCC_WARN_UNUSED_FUNCTION = YES;
				GCC_WARN_UNUSED_VARIABLE = YES;
				IPHONEOS_DEPLOYMENT_TARGET = 13.2;
				MTL_ENABLE_DEBUG_INFO = NO;
				MTL_FAST_MATH = YES;
				SDKROOT = iphoneos;
				SWIFT_COMPILATION_MODE = wholemodule;
				SWIFT_OPTIMIZATION_LEVEL = "-O";
				VALIDATE_PRODUCT = YES;
			};
			name = Release;
		};
		4665BE2C23FEF1E90099FC3B /* Debug */ = {
			isa = XCBuildConfiguration;
			baseConfigurationReference = 20EEE3C9900F8B577546F645 /* Pods-final-project-shalini.debug.xcconfig */;
			buildSettings = {
				ASSETCATALOG_COMPILER_APPICON_NAME = AppIcon;
				CODE_SIGN_STYLE = Automatic;
				DEVELOPMENT_ASSET_PATHS = "\"final-project-shalini/Preview Content\"";
				ENABLE_PREVIEWS = YES;
				INFOPLIST_FILE = "final-project-shalini/Info.plist";
				LD_RUNPATH_SEARCH_PATHS = (
					"$(inherited)",
					"@executable_path/Frameworks",
				);
				PRODUCT_BUNDLE_IDENTIFIER = "assignment.final-project-shalini";
				PRODUCT_NAME = "$(TARGET_NAME)";
				SWIFT_VERSION = 5.0;
				TARGETED_DEVICE_FAMILY = "1,2";
			};
			name = Debug;
		};
		4665BE2D23FEF1E90099FC3B /* Release */ = {
			isa = XCBuildConfiguration;
			baseConfigurationReference = F1A33650A2DC32DC22CE1611 /* Pods-final-project-shalini.release.xcconfig */;
			buildSettings = {
				ASSETCATALOG_COMPILER_APPICON_NAME = AppIcon;
				CODE_SIGN_STYLE = Automatic;
				DEVELOPMENT_ASSET_PATHS = "\"final-project-shalini/Preview Content\"";
				ENABLE_PREVIEWS = YES;
				INFOPLIST_FILE = "final-project-shalini/Info.plist";
				LD_RUNPATH_SEARCH_PATHS = (
					"$(inherited)",
					"@executable_path/Frameworks",
				);
				PRODUCT_BUNDLE_IDENTIFIER = "assignment.final-project-shalini";
				PRODUCT_NAME = "$(TARGET_NAME)";
				SWIFT_VERSION = 5.0;
				TARGETED_DEVICE_FAMILY = "1,2";
			};
			name = Release;
		};
		4665BE2F23FEF1E90099FC3B /* Debug */ = {
			isa = XCBuildConfiguration;
			baseConfigurationReference = 8A525BA89C54672E5DCEF5F9 /* Pods-final-project-shaliniTests.debug.xcconfig */;
			buildSettings = {
				ALWAYS_EMBED_SWIFT_STANDARD_LIBRARIES = YES;
				BUNDLE_LOADER = "$(TEST_HOST)";
				CODE_SIGN_STYLE = Automatic;
				INFOPLIST_FILE = "final-project-shaliniTests/Info.plist";
				IPHONEOS_DEPLOYMENT_TARGET = 13.2;
				LD_RUNPATH_SEARCH_PATHS = (
					"$(inherited)",
					"@executable_path/Frameworks",
					"@loader_path/Frameworks",
				);
				PRODUCT_BUNDLE_IDENTIFIER = "assignment.final-project-shaliniTests";
				PRODUCT_NAME = "$(TARGET_NAME)";
				SWIFT_VERSION = 5.0;
				TARGETED_DEVICE_FAMILY = "1,2";
				TEST_HOST = "$(BUILT_PRODUCTS_DIR)/final-project-shalini.app/final-project-shalini";
			};
			name = Debug;
		};
		4665BE3023FEF1E90099FC3B /* Release */ = {
			isa = XCBuildConfiguration;
			baseConfigurationReference = 7B48C35D1D6A8F368035D32F /* Pods-final-project-shaliniTests.release.xcconfig */;
			buildSettings = {
				ALWAYS_EMBED_SWIFT_STANDARD_LIBRARIES = YES;
				BUNDLE_LOADER = "$(TEST_HOST)";
				CODE_SIGN_STYLE = Automatic;
				INFOPLIST_FILE = "final-project-shaliniTests/Info.plist";
				IPHONEOS_DEPLOYMENT_TARGET = 13.2;
				LD_RUNPATH_SEARCH_PATHS = (
					"$(inherited)",
					"@executable_path/Frameworks",
					"@loader_path/Frameworks",
				);
				PRODUCT_BUNDLE_IDENTIFIER = "assignment.final-project-shaliniTests";
				PRODUCT_NAME = "$(TARGET_NAME)";
				SWIFT_VERSION = 5.0;
				TARGETED_DEVICE_FAMILY = "1,2";
				TEST_HOST = "$(BUILT_PRODUCTS_DIR)/final-project-shalini.app/final-project-shalini";
			};
			name = Release;
		};
		4665BE3223FEF1E90099FC3B /* Debug */ = {
			isa = XCBuildConfiguration;
			baseConfigurationReference = 01AF3590318346F13D8F901C /* Pods-final-project-shalini-final-project-shaliniUITests.debug.xcconfig */;
			buildSettings = {
				ALWAYS_EMBED_SWIFT_STANDARD_LIBRARIES = YES;
				CODE_SIGN_STYLE = Automatic;
				INFOPLIST_FILE = "final-project-shaliniUITests/Info.plist";
				LD_RUNPATH_SEARCH_PATHS = (
					"$(inherited)",
					"@executable_path/Frameworks",
					"@loader_path/Frameworks",
				);
				PRODUCT_BUNDLE_IDENTIFIER = "assignment.final-project-shaliniUITests";
				PRODUCT_NAME = "$(TARGET_NAME)";
				SWIFT_VERSION = 5.0;
				TARGETED_DEVICE_FAMILY = "1,2";
				TEST_TARGET_NAME = "final-project-shalini";
			};
			name = Debug;
		};
		4665BE3323FEF1E90099FC3B /* Release */ = {
			isa = XCBuildConfiguration;
			baseConfigurationReference = D51DA9335F2F79D49F6E4721 /* Pods-final-project-shalini-final-project-shaliniUITests.release.xcconfig */;
			buildSettings = {
				ALWAYS_EMBED_SWIFT_STANDARD_LIBRARIES = YES;
				CODE_SIGN_STYLE = Automatic;
				INFOPLIST_FILE = "final-project-shaliniUITests/Info.plist";
				LD_RUNPATH_SEARCH_PATHS = (
					"$(inherited)",
					"@executable_path/Frameworks",
					"@loader_path/Frameworks",
				);
				PRODUCT_BUNDLE_IDENTIFIER = "assignment.final-project-shaliniUITests";
				PRODUCT_NAME = "$(TARGET_NAME)";
				SWIFT_VERSION = 5.0;
				TARGETED_DEVICE_FAMILY = "1,2";
				TEST_TARGET_NAME = "final-project-shalini";
			};
			name = Release;
		};
/* End XCBuildConfiguration section */

/* Begin XCConfigurationList section */
		4665BDFC23FEF1E80099FC3B /* Build configuration list for PBXProject "final-project-shalini" */ = {
			isa = XCConfigurationList;
			buildConfigurations = (
				4665BE2923FEF1E90099FC3B /* Debug */,
				4665BE2A23FEF1E90099FC3B /* Release */,
			);
			defaultConfigurationIsVisible = 0;
			defaultConfigurationName = Release;
		};
		4665BE2B23FEF1E90099FC3B /* Build configuration list for PBXNativeTarget "final-project-shalini" */ = {
			isa = XCConfigurationList;
			buildConfigurations = (
				4665BE2C23FEF1E90099FC3B /* Debug */,
				4665BE2D23FEF1E90099FC3B /* Release */,
			);
			defaultConfigurationIsVisible = 0;
			defaultConfigurationName = Release;
		};
		4665BE2E23FEF1E90099FC3B /* Build configuration list for PBXNativeTarget "final-project-shaliniTests" */ = {
			isa = XCConfigurationList;
			buildConfigurations = (
				4665BE2F23FEF1E90099FC3B /* Debug */,
				4665BE3023FEF1E90099FC3B /* Release */,
			);
			defaultConfigurationIsVisible = 0;
			defaultConfigurationName = Release;
		};
		4665BE3123FEF1E90099FC3B /* Build configuration list for PBXNativeTarget "final-project-shaliniUITests" */ = {
			isa = XCConfigurationList;
			buildConfigurations = (
				4665BE3223FEF1E90099FC3B /* Debug */,
				4665BE3323FEF1E90099FC3B /* Release */,
			);
			defaultConfigurationIsVisible = 0;
			defaultConfigurationName = Release;
		};
/* End XCConfigurationList section */
	};
	rootObject = 4665BDF923FEF1E80099FC3B /* Project object */;
}
